
Microsoft Visual Studio Solution File, Format Version 12.00
# Visual Studio Version 17
VisualStudioVersion = 17.9.34622.214
MinimumVisualStudioVersion = 10.0.40219.1
Project("{2150E333-8FDC-42A3-9474-1A3956D46DE8}") = "Services", "Services", "{6012A138-F60E-47CE-9CE1-6F54BB7A301C}"
EndProject
Project("{2150E333-8FDC-42A3-9474-1A3956D46DE8}") = "Catalog", "Catalog", "{545B0B47-10C4-47AB-AAB4-B391E5B4F429}"
EndProject
Project("{9A19103F-16F7-4668-BE54-9A1E7A4F7556}") = "MultiShop.Catalog", "Services\Catalog\MultiShop.Catalog\MultiShop.Catalog.csproj", "{B91A93D2-4ECC-444F-9B07-CCE98CE429F5}"
EndProject
Project("{2150E333-8FDC-42A3-9474-1A3956D46DE8}") = "Discount", "Discount", "{884AC1EE-D0B7-4238-8098-DD3D1569B2A8}"
EndProject
Project("{9A19103F-16F7-4668-BE54-9A1E7A4F7556}") = "MultiShop.Discount", "Services\Discount\MultiShop.Discount\MultiShop.Discount.csproj", "{156E4D7E-69E5-46E4-8250-F4F1D7924044}"
EndProject
Project("{2150E333-8FDC-42A3-9474-1A3956D46DE8}") = "Order", "Order", "{5F718BC4-1CD5-4487-8079-131055CAE300}"
EndProject
Project("{2150E333-8FDC-42A3-9474-1A3956D46DE8}") = "Core", "Core", "{37059A50-AC2F-4DA3-8CCB-250005CC5440}"
EndProject
Project("{2150E333-8FDC-42A3-9474-1A3956D46DE8}") = "Infrastructure", "Infrastructure", "{3935F244-9B42-422F-AA4F-CF7265AEDB1C}"
EndProject
Project("{2150E333-8FDC-42A3-9474-1A3956D46DE8}") = "Presentation", "Presentation", "{D1C4D629-F6CC-43F1-AD30-C61177831291}"
EndProject
Project("{9A19103F-16F7-4668-BE54-9A1E7A4F7556}") = "MultiShop.Order.Domain", "Services\Order\Core\MultiShop.Order.Domain\MultiShop.Order.Domain.csproj", "{9EECF051-A8F2-4E65-8442-2259D8F4D7DD}"
EndProject
Project("{9A19103F-16F7-4668-BE54-9A1E7A4F7556}") = "MultiShop.Order.Application", "Services\Order\Core\MultiShop.Order.Application\MultiShop.Order.Application.csproj", "{2E7CD4D6-80F5-40AB-B216-C8375AD174E0}"
EndProject
Project("{9A19103F-16F7-4668-BE54-9A1E7A4F7556}") = "MultiShop.Order.Persistence", "Services\Order\Infrastructure\MultiShop.Order.Persistence\MultiShop.Order.Persistence.csproj", "{2FCD2826-17BF-42A4-AC09-9420FF93A42B}"
EndProject
Project("{9A19103F-16F7-4668-BE54-9A1E7A4F7556}") = "MultiShop.Order.WebApi", "Services\Order\Presentation\MultiShop.Order.WebApi\MultiShop.Order.WebApi.csproj", "{E8A6403D-2EC8-4A14-857F-93E13BA3F39D}"
EndProject
Project("{2150E333-8FDC-42A3-9474-1A3956D46DE8}") = "IdentityServer", "IdentityServer", "{D6F5F723-96BC-4D5F-BE7A-90771188557A}"
EndProject
Project("{9A19103F-16F7-4668-BE54-9A1E7A4F7556}") = "MultiShop.IdentityServer", "IdentityServer\MultiShop.IdentityServer\MultiShop.IdentityServer.csproj", "{BB0AA056-7AA6-457A-82D2-D5C5BF69E738}"
EndProject
Project("{2150E333-8FDC-42A3-9474-1A3956D46DE8}") = "Cargo", "Cargo", "{D9C3307E-677F-466A-969C-E704737D4F07}"
EndProject
Project("{9A19103F-16F7-4668-BE54-9A1E7A4F7556}") = "MultiShop.Cargo.EntityLayer", "Services\Cargo\MultiShop.Cargo.EntityLayer\MultiShop.Cargo.EntityLayer.csproj", "{67EF72BF-8E0E-4FEC-984D-F8E52F342082}"
EndProject
Project("{9A19103F-16F7-4668-BE54-9A1E7A4F7556}") = "MultiShop.Cargo.BusinessLayer", "Services\Cargo\MultiShop.Cargo.BusinessLayer\MultiShop.Cargo.BusinessLayer.csproj", "{4A834F0F-E74B-4B2D-AD62-F83F86C9AD5A}"
EndProject
Project("{9A19103F-16F7-4668-BE54-9A1E7A4F7556}") = "MultiShop.Cargo.DataAccessLayer", "Services\Cargo\MultiShop.Cargo.DataAccessLayer\MultiShop.Cargo.DataAccessLayer.csproj", "{E9AE2885-9F6F-4449-98E3-1B44101322F6}"
EndProject
Project("{9A19103F-16F7-4668-BE54-9A1E7A4F7556}") = "MultiShop.Cargo.DtoLayer", "Services\Cargo\MultiShop.Cargo.DtoLayer\MultiShop.Cargo.DtoLayer.csproj", "{A90D5C90-FD6E-45CA-93D2-0DCFD9B23565}"
EndProject
Project("{9A19103F-16F7-4668-BE54-9A1E7A4F7556}") = "MultiShop.Cargo.WebApi", "Services\Cargo\MultiShop.Cargo.WebApi\MultiShop.Cargo.WebApi.csproj", "{01158ABC-867E-4D60-8C94-D7DDAFA70F0B}"
EndProject
Project("{2150E333-8FDC-42A3-9474-1A3956D46DE8}") = "Basket", "Basket", "{4FEA741A-CFB4-4134-BD1E-31DECB8FC4AB}"
EndProject
Project("{9A19103F-16F7-4668-BE54-9A1E7A4F7556}") = "MultiShop.Basket", "Services\Basket\MultiShop.Basket\MultiShop.Basket.csproj", "{F96FC876-9206-422C-8004-C69DFB0CE7FC}"
EndProject
Project("{2150E333-8FDC-42A3-9474-1A3956D46DE8}") = "Frontends", "Frontends", "{666A4056-3126-47A1-AAED-52586BEE00EB}"
EndProject
Project("{9A19103F-16F7-4668-BE54-9A1E7A4F7556}") = "MultiShop.WebUI", "Frontends\MultiShop.WebUI\MultiShop.WebUI.csproj", "{F049AB23-DCE0-47E9-9D88-0195C0D208A0}"
EndProject
Project("{9A19103F-16F7-4668-BE54-9A1E7A4F7556}") = "MultiShop.DtoLayer", "Frontends\MultiShop.DtoLayer\MultiShop.DtoLayer.csproj", "{4524BC64-11DE-4228-AF4C-02605438B052}"
EndProject
Project("{2150E333-8FDC-42A3-9474-1A3956D46DE8}") = "Comment", "Comment", "{2428491B-5304-476C-BAAC-1B4CB1DB0477}"
EndProject
Project("{9A19103F-16F7-4668-BE54-9A1E7A4F7556}") = "MultiShop.Comment", "Services\Comment\MultiShop.Comment\MultiShop.Comment.csproj", "{41205C50-00C7-4DCA-AD45-8A3BF349CDBD}"
EndProject
Project("{2150E333-8FDC-42A3-9474-1A3956D46DE8}") = "ApiGateway", "ApiGateway", "{751DD6A1-2C44-4E81-B700-E8232126CEBE}"
EndProject
Project("{2150E333-8FDC-42A3-9474-1A3956D46DE8}") = "RapidApi", "RapidApi", "{FB382B79-D4B4-46BC-B7D4-72AC20765FEF}"
EndProject
Project("{FAE04EC0-301F-11D3-BF4B-00C04F79EFBC}") = "MultiShop.OcelotGateway", "ApiGateway\MultiShop.OcelotGateway\MultiShop.OcelotGateway.csproj", "{9F2614CD-A554-4B57-A345-0E2C449011F8}"
EndProject
Project("{2150E333-8FDC-42A3-9474-1A3956D46DE8}") = "Payment", "Payment", "{C24153E1-12AF-41FF-A476-41E40E01E3EE}"
EndProject
Project("{FAE04EC0-301F-11D3-BF4B-00C04F79EFBC}") = "MultiShop.Payment", "Services\Payment\MultiShop.Payment\MultiShop.Payment.csproj", "{FAD2E476-ED10-4225-881C-1DCAA37B9009}"
EndProject
Project("{2150E333-8FDC-42A3-9474-1A3956D46DE8}") = "Images", "Images", "{48D1DBCA-7487-4FB9-A4A8-8DEE3E89FF1C}"
EndProject
Project("{FAE04EC0-301F-11D3-BF4B-00C04F79EFBC}") = "MultiShop.Images", "Services\Images\MultiShop.Images\MultiShop.Images.csproj", "{EEF78709-1DCD-4D91-AE44-125FE01E0E34}"
EndProject
Global
	GlobalSection(SolutionConfigurationPlatforms) = preSolution
		Debug|Any CPU = Debug|Any CPU
		Release|Any CPU = Release|Any CPU
	EndGlobalSection
	GlobalSection(ProjectConfigurationPlatforms) = postSolution
		{B91A93D2-4ECC-444F-9B07-CCE98CE429F5}.Debug|Any CPU.ActiveCfg = Debug|Any CPU
		{B91A93D2-4ECC-444F-9B07-CCE98CE429F5}.Debug|Any CPU.Build.0 = Debug|Any CPU
		{B91A93D2-4ECC-444F-9B07-CCE98CE429F5}.Release|Any CPU.ActiveCfg = Release|Any CPU
		{B91A93D2-4ECC-444F-9B07-CCE98CE429F5}.Release|Any CPU.Build.0 = Release|Any CPU
		{156E4D7E-69E5-46E4-8250-F4F1D7924044}.Debug|Any CPU.ActiveCfg = Debug|Any CPU
		{156E4D7E-69E5-46E4-8250-F4F1D7924044}.Debug|Any CPU.Build.0 = Debug|Any CPU
		{156E4D7E-69E5-46E4-8250-F4F1D7924044}.Release|Any CPU.ActiveCfg = Release|Any CPU
		{156E4D7E-69E5-46E4-8250-F4F1D7924044}.Release|Any CPU.Build.0 = Release|Any CPU
		{9EECF051-A8F2-4E65-8442-2259D8F4D7DD}.Debug|Any CPU.ActiveCfg = Debug|Any CPU
		{9EECF051-A8F2-4E65-8442-2259D8F4D7DD}.Debug|Any CPU.Build.0 = Debug|Any CPU
		{9EECF051-A8F2-4E65-8442-2259D8F4D7DD}.Release|Any CPU.ActiveCfg = Release|Any CPU
		{9EECF051-A8F2-4E65-8442-2259D8F4D7DD}.Release|Any CPU.Build.0 = Release|Any CPU
		{2E7CD4D6-80F5-40AB-B216-C8375AD174E0}.Debug|Any CPU.ActiveCfg = Debug|Any CPU
		{2E7CD4D6-80F5-40AB-B216-C8375AD174E0}.Debug|Any CPU.Build.0 = Debug|Any CPU
		{2E7CD4D6-80F5-40AB-B216-C8375AD174E0}.Release|Any CPU.ActiveCfg = Release|Any CPU
		{2E7CD4D6-80F5-40AB-B216-C8375AD174E0}.Release|Any CPU.Build.0 = Release|Any CPU
		{2FCD2826-17BF-42A4-AC09-9420FF93A42B}.Debug|Any CPU.ActiveCfg = Debug|Any CPU
		{2FCD2826-17BF-42A4-AC09-9420FF93A42B}.Debug|Any CPU.Build.0 = Debug|Any CPU
		{2FCD2826-17BF-42A4-AC09-9420FF93A42B}.Release|Any CPU.ActiveCfg = Release|Any CPU
		{2FCD2826-17BF-42A4-AC09-9420FF93A42B}.Release|Any CPU.Build.0 = Release|Any CPU
		{E8A6403D-2EC8-4A14-857F-93E13BA3F39D}.Debug|Any CPU.ActiveCfg = Debug|Any CPU
		{E8A6403D-2EC8-4A14-857F-93E13BA3F39D}.Debug|Any CPU.Build.0 = Debug|Any CPU
		{E8A6403D-2EC8-4A14-857F-93E13BA3F39D}.Release|Any CPU.ActiveCfg = Release|Any CPU
		{E8A6403D-2EC8-4A14-857F-93E13BA3F39D}.Release|Any CPU.Build.0 = Release|Any CPU
		{BB0AA056-7AA6-457A-82D2-D5C5BF69E738}.Debug|Any CPU.ActiveCfg = Debug|Any CPU
		{BB0AA056-7AA6-457A-82D2-D5C5BF69E738}.Debug|Any CPU.Build.0 = Debug|Any CPU
		{BB0AA056-7AA6-457A-82D2-D5C5BF69E738}.Release|Any CPU.ActiveCfg = Release|Any CPU
		{BB0AA056-7AA6-457A-82D2-D5C5BF69E738}.Release|Any CPU.Build.0 = Release|Any CPU
		{67EF72BF-8E0E-4FEC-984D-F8E52F342082}.Debug|Any CPU.ActiveCfg = Debug|Any CPU
		{67EF72BF-8E0E-4FEC-984D-F8E52F342082}.Debug|Any CPU.Build.0 = Debug|Any CPU
		{67EF72BF-8E0E-4FEC-984D-F8E52F342082}.Release|Any CPU.ActiveCfg = Release|Any CPU
		{67EF72BF-8E0E-4FEC-984D-F8E52F342082}.Release|Any CPU.Build.0 = Release|Any CPU
		{4A834F0F-E74B-4B2D-AD62-F83F86C9AD5A}.Debug|Any CPU.ActiveCfg = Debug|Any CPU
		{4A834F0F-E74B-4B2D-AD62-F83F86C9AD5A}.Debug|Any CPU.Build.0 = Debug|Any CPU
		{4A834F0F-E74B-4B2D-AD62-F83F86C9AD5A}.Release|Any CPU.ActiveCfg = Release|Any CPU
		{4A834F0F-E74B-4B2D-AD62-F83F86C9AD5A}.Release|Any CPU.Build.0 = Release|Any CPU
		{E9AE2885-9F6F-4449-98E3-1B44101322F6}.Debug|Any CPU.ActiveCfg = Debug|Any CPU
		{E9AE2885-9F6F-4449-98E3-1B44101322F6}.Debug|Any CPU.Build.0 = Debug|Any CPU
		{E9AE2885-9F6F-4449-98E3-1B44101322F6}.Release|Any CPU.ActiveCfg = Release|Any CPU
		{E9AE2885-9F6F-4449-98E3-1B44101322F6}.Release|Any CPU.Build.0 = Release|Any CPU
		{A90D5C90-FD6E-45CA-93D2-0DCFD9B23565}.Debug|Any CPU.ActiveCfg = Debug|Any CPU
		{A90D5C90-FD6E-45CA-93D2-0DCFD9B23565}.Debug|Any CPU.Build.0 = Debug|Any CPU
		{A90D5C90-FD6E-45CA-93D2-0DCFD9B23565}.Release|Any CPU.ActiveCfg = Release|Any CPU
		{A90D5C90-FD6E-45CA-93D2-0DCFD9B23565}.Release|Any CPU.Build.0 = Release|Any CPU
		{01158ABC-867E-4D60-8C94-D7DDAFA70F0B}.Debug|Any CPU.ActiveCfg = Debug|Any CPU
		{01158ABC-867E-4D60-8C94-D7DDAFA70F0B}.Debug|Any CPU.Build.0 = Debug|Any CPU
		{01158ABC-867E-4D60-8C94-D7DDAFA70F0B}.Release|Any CPU.ActiveCfg = Release|Any CPU
		{01158ABC-867E-4D60-8C94-D7DDAFA70F0B}.Release|Any CPU.Build.0 = Release|Any CPU
		{F96FC876-9206-422C-8004-C69DFB0CE7FC}.Debug|Any CPU.ActiveCfg = Debug|Any CPU
		{F96FC876-9206-422C-8004-C69DFB0CE7FC}.Debug|Any CPU.Build.0 = Debug|Any CPU
		{F96FC876-9206-422C-8004-C69DFB0CE7FC}.Release|Any CPU.ActiveCfg = Release|Any CPU
		{F96FC876-9206-422C-8004-C69DFB0CE7FC}.Release|Any CPU.Build.0 = Release|Any CPU
		{F049AB23-DCE0-47E9-9D88-0195C0D208A0}.Debug|Any CPU.ActiveCfg = Debug|Any CPU
		{F049AB23-DCE0-47E9-9D88-0195C0D208A0}.Debug|Any CPU.Build.0 = Debug|Any CPU
		{F049AB23-DCE0-47E9-9D88-0195C0D208A0}.Release|Any CPU.ActiveCfg = Release|Any CPU
		{F049AB23-DCE0-47E9-9D88-0195C0D208A0}.Release|Any CPU.Build.0 = Release|Any CPU
		{4524BC64-11DE-4228-AF4C-02605438B052}.Debug|Any CPU.ActiveCfg = Debug|Any CPU
		{4524BC64-11DE-4228-AF4C-02605438B052}.Debug|Any CPU.Build.0 = Debug|Any CPU
		{4524BC64-11DE-4228-AF4C-02605438B052}.Release|Any CPU.ActiveCfg = Release|Any CPU
		{4524BC64-11DE-4228-AF4C-02605438B052}.Release|Any CPU.Build.0 = Release|Any CPU
		{41205C50-00C7-4DCA-AD45-8A3BF349CDBD}.Debug|Any CPU.ActiveCfg = Debug|Any CPU
		{41205C50-00C7-4DCA-AD45-8A3BF349CDBD}.Debug|Any CPU.Build.0 = Debug|Any CPU
		{41205C50-00C7-4DCA-AD45-8A3BF349CDBD}.Release|Any CPU.ActiveCfg = Release|Any CPU
		{41205C50-00C7-4DCA-AD45-8A3BF349CDBD}.Release|Any CPU.Build.0 = Release|Any CPU
		{9F2614CD-A554-4B57-A345-0E2C449011F8}.Debug|Any CPU.ActiveCfg = Debug|Any CPU
		{9F2614CD-A554-4B57-A345-0E2C449011F8}.Debug|Any CPU.Build.0 = Debug|Any CPU
		{9F2614CD-A554-4B57-A345-0E2C449011F8}.Release|Any CPU.ActiveCfg = Release|Any CPU
		{9F2614CD-A554-4B57-A345-0E2C449011F8}.Release|Any CPU.Build.0 = Release|Any CPU
		{FAD2E476-ED10-4225-881C-1DCAA37B9009}.Debug|Any CPU.ActiveCfg = Debug|Any CPU
		{FAD2E476-ED10-4225-881C-1DCAA37B9009}.Debug|Any CPU.Build.0 = Debug|Any CPU
		{FAD2E476-ED10-4225-881C-1DCAA37B9009}.Release|Any CPU.ActiveCfg = Release|Any CPU
		{FAD2E476-ED10-4225-881C-1DCAA37B9009}.Release|Any CPU.Build.0 = Release|Any CPU
		{EEF78709-1DCD-4D91-AE44-125FE01E0E34}.Debug|Any CPU.ActiveCfg = Debug|Any CPU
		{EEF78709-1DCD-4D91-AE44-125FE01E0E34}.Debug|Any CPU.Build.0 = Debug|Any CPU
		{EEF78709-1DCD-4D91-AE44-125FE01E0E34}.Release|Any CPU.ActiveCfg = Release|Any CPU
		{EEF78709-1DCD-4D91-AE44-125FE01E0E34}.Release|Any CPU.Build.0 = Release|Any CPU
	EndGlobalSection
	GlobalSection(SolutionProperties) = preSolution
		HideSolutionNode = FALSE
	EndGlobalSection
	GlobalSection(NestedProjects) = preSolution
		{545B0B47-10C4-47AB-AAB4-B391E5B4F429} = {6012A138-F60E-47CE-9CE1-6F54BB7A301C}
		{B91A93D2-4ECC-444F-9B07-CCE98CE429F5} = {545B0B47-10C4-47AB-AAB4-B391E5B4F429}
		{884AC1EE-D0B7-4238-8098-DD3D1569B2A8} = {6012A138-F60E-47CE-9CE1-6F54BB7A301C}
		{156E4D7E-69E5-46E4-8250-F4F1D7924044} = {884AC1EE-D0B7-4238-8098-DD3D1569B2A8}
		{5F718BC4-1CD5-4487-8079-131055CAE300} = {6012A138-F60E-47CE-9CE1-6F54BB7A301C}
		{37059A50-AC2F-4DA3-8CCB-250005CC5440} = {5F718BC4-1CD5-4487-8079-131055CAE300}
		{3935F244-9B42-422F-AA4F-CF7265AEDB1C} = {5F718BC4-1CD5-4487-8079-131055CAE300}
		{D1C4D629-F6CC-43F1-AD30-C61177831291} = {5F718BC4-1CD5-4487-8079-131055CAE300}
		{9EECF051-A8F2-4E65-8442-2259D8F4D7DD} = {37059A50-AC2F-4DA3-8CCB-250005CC5440}
		{2E7CD4D6-80F5-40AB-B216-C8375AD174E0} = {37059A50-AC2F-4DA3-8CCB-250005CC5440}
		{2FCD2826-17BF-42A4-AC09-9420FF93A42B} = {3935F244-9B42-422F-AA4F-CF7265AEDB1C}
		{E8A6403D-2EC8-4A14-857F-93E13BA3F39D} = {D1C4D629-F6CC-43F1-AD30-C61177831291}
		{BB0AA056-7AA6-457A-82D2-D5C5BF69E738} = {D6F5F723-96BC-4D5F-BE7A-90771188557A}
		{D9C3307E-677F-466A-969C-E704737D4F07} = {6012A138-F60E-47CE-9CE1-6F54BB7A301C}
		{67EF72BF-8E0E-4FEC-984D-F8E52F342082} = {D9C3307E-677F-466A-969C-E704737D4F07}
		{4A834F0F-E74B-4B2D-AD62-F83F86C9AD5A} = {D9C3307E-677F-466A-969C-E704737D4F07}
		{E9AE2885-9F6F-4449-98E3-1B44101322F6} = {D9C3307E-677F-466A-969C-E704737D4F07}
		{A90D5C90-FD6E-45CA-93D2-0DCFD9B23565} = {D9C3307E-677F-466A-969C-E704737D4F07}
		{01158ABC-867E-4D60-8C94-D7DDAFA70F0B} = {D9C3307E-677F-466A-969C-E704737D4F07}
		{4FEA741A-CFB4-4134-BD1E-31DECB8FC4AB} = {6012A138-F60E-47CE-9CE1-6F54BB7A301C}
		{F96FC876-9206-422C-8004-C69DFB0CE7FC} = {4FEA741A-CFB4-4134-BD1E-31DECB8FC4AB}
		{F049AB23-DCE0-47E9-9D88-0195C0D208A0} = {666A4056-3126-47A1-AAED-52586BEE00EB}
		{4524BC64-11DE-4228-AF4C-02605438B052} = {666A4056-3126-47A1-AAED-52586BEE00EB}
		{2428491B-5304-476C-BAAC-1B4CB1DB0477} = {6012A138-F60E-47CE-9CE1-6F54BB7A301C}
		{41205C50-00C7-4DCA-AD45-8A3BF349CDBD} = {2428491B-5304-476C-BAAC-1B4CB1DB0477}
		{9F2614CD-A554-4B57-A345-0E2C449011F8} = {751DD6A1-2C44-4E81-B700-E8232126CEBE}
		{C24153E1-12AF-41FF-A476-41E40E01E3EE} = {6012A138-F60E-47CE-9CE1-6F54BB7A301C}
		{FAD2E476-ED10-4225-881C-1DCAA37B9009} = {C24153E1-12AF-41FF-A476-41E40E01E3EE}
		{48D1DBCA-7487-4FB9-A4A8-8DEE3E89FF1C} = {6012A138-F60E-47CE-9CE1-6F54BB7A301C}
		{EEF78709-1DCD-4D91-AE44-125FE01E0E34} = {48D1DBCA-7487-4FB9-A4A8-8DEE3E89FF1C}
	EndGlobalSection
	GlobalSection(ExtensibilityGlobals) = postSolution
		SolutionGuid = {E73A988E-2272-46BD-96FB-0A682E20FFD6}
	EndGlobalSection
EndGlobal
